// !$*UTF8*$!
{
	archiveVersion = 1;
	classes = {
	};
	objectVersion = 55;
	objects = {

/* Begin PBXBuildFile section */
		8E850857282EAA7F0090C62B /* BookCartCell.swift in Sources */ = {isa = PBXBuildFile; fileRef = 8E850856282EAA7F0090C62B /* BookCartCell.swift */; };
		8E850859282EAB850090C62B /* BuyButton.swift in Sources */ = {isa = PBXBuildFile; fileRef = 8E850858282EAB850090C62B /* BuyButton.swift */; };
		8E85085B282EABB60090C62B /* CarTotalCellView.swift in Sources */ = {isa = PBXBuildFile; fileRef = 8E85085A282EABB60090C62B /* CarTotalCellView.swift */; };
		8E85085D282EABDE0090C62B /* CartView.swift in Sources */ = {isa = PBXBuildFile; fileRef = 8E85085C282EABDE0090C62B /* CartView.swift */; };
		8E85085F282EADBD0090C62B /* BookDetailButton.swift in Sources */ = {isa = PBXBuildFile; fileRef = 8E85085E282EADBD0090C62B /* BookDetailButton.swift */; };
		8E850861282EB3A20090C62B /* BookInfo.swift in Sources */ = {isa = PBXBuildFile; fileRef = 8E850860282EB3A20090C62B /* BookInfo.swift */; };
		8EF5BE67282C6C0100C4BADA /* BookListApp.swift in Sources */ = {isa = PBXBuildFile; fileRef = 8EF5BE66282C6C0100C4BADA /* BookListApp.swift */; };
		8EF5BE69282C6C0100C4BADA /* ContentView.swift in Sources */ = {isa = PBXBuildFile; fileRef = 8EF5BE68282C6C0100C4BADA /* ContentView.swift */; };
		8EF5BE6B282C6C0300C4BADA /* Assets.xcassets in Resources */ = {isa = PBXBuildFile; fileRef = 8EF5BE6A282C6C0300C4BADA /* Assets.xcassets */; };
		8EF5BE6E282C6C0300C4BADA /* Preview Assets.xcassets in Resources */ = {isa = PBXBuildFile; fileRef = 8EF5BE6D282C6C0300C4BADA /* Preview Assets.xcassets */; };
		8EF5BE7F282CAF2B00C4BADA /* BookDetailView.swift in Sources */ = {isa = PBXBuildFile; fileRef = 8EF5BE7E282CAF2B00C4BADA /* BookDetailView.swift */; };
		8EF5BE81282D726F00C4BADA /* Book.swift in Sources */ = {isa = PBXBuildFile; fileRef = 8EF5BE80282D726F00C4BADA /* Book.swift */; };
/* End PBXBuildFile section */

/* Begin PBXFileReference section */
		8E850856282EAA7F0090C62B /* BookCartCell.swift */ = {isa = PBXFileReference; lastKnownFileType = sourcecode.swift; path = BookCartCell.swift; sourceTree = "<group>"; };
		8E850858282EAB850090C62B /* BuyButton.swift */ = {isa = PBXFileReference; lastKnownFileType = sourcecode.swift; path = BuyButton.swift; sourceTree = "<group>"; };
		8E85085A282EABB60090C62B /* CarTotalCellView.swift */ = {isa = PBXFileReference; lastKnownFileType = sourcecode.swift; path = CarTotalCellView.swift; sourceTree = "<group>"; };
		8E85085C282EABDE0090C62B /* CartView.swift */ = {isa = PBXFileReference; lastKnownFileType = sourcecode.swift; path = CartView.swift; sourceTree = "<group>"; };
		8E85085E282EADBD0090C62B /* BookDetailButton.swift */ = {isa = PBXFileReference; lastKnownFileType = sourcecode.swift; path = BookDetailButton.swift; sourceTree = "<group>"; };
		8E850860282EB3A20090C62B /* BookInfo.swift */ = {isa = PBXFileReference; lastKnownFileType = sourcecode.swift; path = BookInfo.swift; sourceTree = "<group>"; };
		8EF5BE63282C6C0100C4BADA /* BookList.app */ = {isa = PBXFileReference; explicitFileType = wrapper.application; includeInIndex = 0; path = BookList.app; sourceTree = BUILT_PRODUCTS_DIR; };
		8EF5BE66282C6C0100C4BADA /* BookListApp.swift */ = {isa = PBXFileReference; lastKnownFileType = sourcecode.swift; path = BookListApp.swift; sourceTree = "<group>"; };
		8EF5BE68282C6C0100C4BADA /* ContentView.swift */ = {isa = PBXFileReference; lastKnownFileType = sourcecode.swift; path = ContentView.swift; sourceTree = "<group>"; };
		8EF5BE6A282C6C0300C4BADA /* Assets.xcassets */ = {isa = PBXFileReference; lastKnownFileType = folder.assetcatalog; path = Assets.xcassets; sourceTree = "<group>"; };
		8EF5BE6D282C6C0300C4BADA /* Preview Assets.xcassets */ = {isa = PBXFileReference; lastKnownFileType = folder.assetcatalog; path = "Preview Assets.xcassets"; sourceTree = "<group>"; };
		8EF5BE7E282CAF2B00C4BADA /* BookDetailView.swift */ = {isa = PBXFileReference; lastKnownFileType = sourcecode.swift; path = BookDetailView.swift; sourceTree = "<group>"; };
		8EF5BE80282D726F00C4BADA /* Book.swift */ = {isa = PBXFileReference; lastKnownFileType = sourcecode.swift; path = Book.swift; sourceTree = "<group>"; };
/* End PBXFileReference section */

/* Begin PBXFrameworksBuildPhase section */
		8EF5BE60282C6C0100C4BADA /* Frameworks */ = {
			isa = PBXFrameworksBuildPhase;
			buildActionMask = 2147483647;
			files = (
			);
			runOnlyForDeploymentPostprocessing = 0;
		};
/* End PBXFrameworksBuildPhase section */

/* Begin PBXGroup section */
		8EF5BE5A282C6C0100C4BADA = {
			isa = PBXGroup;
			children = (
				8EF5BE65282C6C0100C4BADA /* BookList */,
				8EF5BE64282C6C0100C4BADA /* Products */,
			);
			sourceTree = "<group>";
		};
		8EF5BE64282C6C0100C4BADA /* Products */ = {
			isa = PBXGroup;
			children = (
				8EF5BE63282C6C0100C4BADA /* BookList.app */,
			);
			name = Products;
			sourceTree = "<group>";
		};
		8EF5BE65282C6C0100C4BADA /* BookList */ = {
			isa = PBXGroup;
			children = (
				8EF5BE66282C6C0100C4BADA /* BookListApp.swift */,
				8EF5BE68282C6C0100C4BADA /* ContentView.swift */,
				8EF5BE7E282CAF2B00C4BADA /* BookDetailView.swift */,
				8E850856282EAA7F0090C62B /* BookCartCell.swift */,
				8E85085A282EABB60090C62B /* CarTotalCellView.swift */,
				8E850858282EAB850090C62B /* BuyButton.swift */,
				8E85085C282EABDE0090C62B /* CartView.swift */,
				8E85085E282EADBD0090C62B /* BookDetailButton.swift */,
				8EF5BE80282D726F00C4BADA /* Book.swift */,
				8E850860282EB3A20090C62B /* BookInfo.swift */,
				8EF5BE6A282C6C0300C4BADA /* Assets.xcassets */,
				8EF5BE6C282C6C0300C4BADA /* Preview Content */,
			);
			path = BookList;
			sourceTree = "<group>";
		};
		8EF5BE6C282C6C0300C4BADA /* Preview Content */ = {
			isa = PBXGroup;
			children = (
				8EF5BE6D282C6C0300C4BADA /* Preview Assets.xcassets */,
			);
			path = "Preview Content";
			sourceTree = "<group>";
		};
/* End PBXGroup section */

/* Begin PBXNativeTarget section */
		8EF5BE62282C6C0100C4BADA /* BookList */ = {
			isa = PBXNativeTarget;
			buildConfigurationList = 8EF5BE71282C6C0300C4BADA /* Build configuration list for PBXNativeTarget "BookList" */;
			buildPhases = (
				8EF5BE5F282C6C0100C4BADA /* Sources */,
				8EF5BE60282C6C0100C4BADA /* Frameworks */,
				8EF5BE61282C6C0100C4BADA /* Resources */,
			);
			buildRules = (
			);
			dependencies = (
			);
			name = BookList;
			productName = BookList;
			productReference = 8EF5BE63282C6C0100C4BADA /* BookList.app */;
			productType = "com.apple.product-type.application";
		};
/* End PBXNativeTarget section */

/* Begin PBXProject section */
		8EF5BE5B282C6C0100C4BADA /* Project object */ = {
			isa = PBXProject;
			attributes = {
				BuildIndependentTargetsInParallel = 1;
				LastSwiftUpdateCheck = 1330;
				LastUpgradeCheck = 1330;
				TargetAttributes = {
					8EF5BE62282C6C0100C4BADA = {
						CreatedOnToolsVersion = 13.3.1;
					};
				};
			};
			buildConfigurationList = 8EF5BE5E282C6C0100C4BADA /* Build configuration list for PBXProject "BookList" */;
			compatibilityVersion = "Xcode 13.0";
			developmentRegion = en;
			hasScannedForEncodings = 0;
			knownRegions = (
				en,
				Base,
			);
			mainGroup = 8EF5BE5A282C6C0100C4BADA;
			productRefGroup = 8EF5BE64282C6C0100C4BADA /* Products */;
			projectDirPath = "";
			projectRoot = "";
			targets = (
				8EF5BE62282C6C0100C4BADA /* BookList */,
			);
		};
/* End PBXProject section */

/* Begin PBXResourcesBuildPhase section */
		8EF5BE61282C6C0100C4BADA /* Resources */ = {
			isa = PBXResourcesBuildPhase;
			buildActionMask = 2147483647;
			files = (
				8EF5BE6E282C6C0300C4BADA /* Preview Assets.xcassets in Resources */,
				8EF5BE6B282C6C0300C4BADA /* Assets.xcassets in Resources */,
			);
			runOnlyForDeploymentPostprocessing = 0;
		};
/* End PBXResourcesBuildPhase section */

/* Begin PBXSourcesBuildPhase section */
		8EF5BE5F282C6C0100C4BADA /* Sources */ = {
			isa = PBXSourcesBuildPhase;
			buildActionMask = 2147483647;
			files = (
				8E850861282EB3A20090C62B /* BookInfo.swift in Sources */,
				8EF5BE81282D726F00C4BADA /* Book.swift in Sources */,
				8EF5BE7F282CAF2B00C4BADA /* BookDetailView.swift in Sources */,
				8E850857282EAA7F0090C62B /* BookCartCell.swift in Sources */,
				8EF5BE69282C6C0100C4BADA /* ContentView.swift in Sources */,
				8E850859282EAB850090C62B /* BuyButton.swift in Sources */,
				8E85085F282EADBD0090C62B /* BookDetailButton.swift in Sources */,
				8E85085D282EABDE0090C62B /* CartView.swift in Sources */,
				8E85085B282EABB60090C62B /* CarTotalCellView.swift in Sources */,
				8EF5BE67282C6C0100C4BADA /* BookListApp.swift in Sources */,
			);
			runOnlyForDeploymentPostprocessing = 0;
		};
/* End PBXSourcesBuildPhase section */

/* Begin XCBuildConfiguration section */
		8EF5BE6F282C6C0300C4BADA /* Debug */ = {
			isa = XCBuildConfiguration;
			buildSettings = {
				ALWAYS_SEARCH_USER_PATHS = NO;
				CLANG_ANALYZER_NONNULL = YES;
				CLANG_ANALYZER_NUMBER_OBJECT_CONVERSION = YES_AGGRESSIVE;
				CLANG_CXX_LANGUAGE_STANDARD = "gnu++17";
				CLANG_ENABLE_MODULES = YES;
				CLANG_ENABLE_OBJC_ARC = YES;
				CLANG_ENABLE_OBJC_WEAK = YES;
				CLANG_WARN_BLOCK_CAPTURE_AUTORELEASING = YES;
				CLANG_WARN_BOOL_CONVERSION = YES;
				CLANG_WARN_COMMA = YES;
				CLANG_WARN_CONSTANT_CONVERSION = YES;
				CLANG_WARN_DEPRECATED_OBJC_IMPLEMENTATIONS = YES;
				CLANG_WARN_DIRECT_OBJC_ISA_USAGE = YES_ERROR;
				CLANG_WARN_DOCUMENTATION_COMMENTS = YES;
				CLANG_WARN_EMPTY_BODY = YES;
				CLANG_WARN_ENUM_CONVERSION = YES;
				CLANG_WARN_INFINITE_RECURSION = YES;
				CLANG_WARN_INT_CONVERSION = YES;
				CLANG_WARN_NON_LITERAL_NULL_CONVERSION = YES;
				CLANG_WARN_OBJC_IMPLICIT_RETAIN_SELF = YES;
				CLANG_WARN_OBJC_LITERAL_CONVERSION = YES;
				CLANG_WARN_OBJC_ROOT_CLASS = YES_ERROR;
				CLANG_WARN_QUOTED_INCLUDE_IN_FRAMEWORK_HEADER = YES;
				CLANG_WARN_RANGE_LOOP_ANALYSIS = YES;
				CLANG_WARN_STRICT_PROTOTYPES = YES;
				CLANG_WARN_SUSPICIOUS_MOVE = YES;
				CLANG_WARN_UNGUARDED_AVAILABILITY = YES_AGGRESSIVE;
				CLANG_WARN_UNREACHABLE_CODE = YES;
				CLANG_WARN__DUPLICATE_METHOD_MATCH = YES;
				COPY_PHASE_STRIP = NO;
				DEBUG_INFORMATION_FORMAT = dwarf;
				ENABLE_STRICT_OBJC_MSGSEND = YES;
				ENABLE_TESTABILITY = YES;
				GCC_C_LANGUAGE_STANDARD = gnu11;
				GCC_DYNAMIC_NO_PIC = NO;
				GCC_NO_COMMON_BLOCKS = YES;
				GCC_OPTIMIZATION_LEVEL = 0;
				GCC_PREPROCESSOR_DEFINITIONS = (
					"DEBUG=1",
					"$(inherited)",
				);
				GCC_WARN_64_TO_32_BIT_CONVERSION = YES;
				GCC_WARN_ABOUT_RETURN_TYPE = YES_ERROR;
				GCC_WARN_UNDECLARED_SELECTOR = YES;
				GCC_WARN_UNINITIALIZED_AUTOS = YES_AGGRESSIVE;
				GCC_WARN_UNUSED_FUNCTION = YES;
				GCC_WARN_UNUSED_VARIABLE = YES;
				IPHONEOS_DEPLOYMENT_TARGET = 15.4;
				MTL_ENABLE_DEBUG_INFO = INCLUDE_SOURCE;
				MTL_FAST_MATH = YES;
				ONLY_ACTIVE_ARCH = YES;
				SDKROOT = iphoneos;
				SWIFT_ACTIVE_COMPILATION_CONDITIONS = DEBUG;
				SWIFT_OPTIMIZATION_LEVEL = "-Onone";
			};
			name = Debug;
		};
		8EF5BE70282C6C0300C4BADA /* Release */ = {
			isa = XCBuildConfiguration;
			buildSettings = {
				ALWAYS_SEARCH_USER_PATHS = NO;
				CLANG_ANALYZER_NONNULL = YES;
				CLANG_ANALYZER_NUMBER_OBJECT_CONVERSION = YES_AGGRESSIVE;
				CLANG_CXX_LANGUAGE_STANDARD = "gnu++17";
				CLANG_ENABLE_MODULES = YES;
				CLANG_ENABLE_OBJC_ARC = YES;
				CLANG_ENABLE_OBJC_WEAK = YES;
				CLANG_WARN_BLOCK_CAPTURE_AUTORELEASING = YES;
				CLANG_WARN_BOOL_CONVERSION = YES;
				CLANG_WARN_COMMA = YES;
				CLANG_WARN_CONSTANT_CONVERSION = YES;
				CLANG_WARN_DEPRECATED_OBJC_IMPLEMENTATIONS = YES;
				CLANG_WARN_DIRECT_OBJC_ISA_USAGE = YES_ERROR;
				CLANG_WARN_DOCUMENTATION_COMMENTS = YES;
				CLANG_WARN_EMPTY_BODY = YES;
				CLANG_WARN_ENUM_CONVERSION = YES;
				CLANG_WARN_INFINITE_RECURSION = YES;
				CLANG_WARN_INT_CONVERSION = YES;
				CLANG_WARN_NON_LITERAL_NULL_CONVERSION = YES;
				CLANG_WARN_OBJC_IMPLICIT_RETAIN_SELF = YES;
				CLANG_WARN_OBJC_LITERAL_CONVERSION = YES;
				CLANG_WARN_OBJC_ROOT_CLASS = YES_ERROR;
				CLANG_WARN_QUOTED_INCLUDE_IN_FRAMEWORK_HEADER = YES;
				CLANG_WARN_RANGE_LOOP_ANALYSIS = YES;
				CLANG_WARN_STRICT_PROTOTYPES = YES;
				CLANG_WARN_SUSPICIOUS_MOVE = YES;
				CLANG_WARN_UNGUARDED_AVAILABILITY = YES_AGGRESSIVE;
				CLANG_WARN_UNREACHABLE_CODE = YES;
				CLANG_WARN__DUPLICATE_METHOD_MATCH = YES;
				COPY_PHASE_STRIP = NO;
				DEBUG_INFORMATION_FORMAT = "dwarf-with-dsym";
				ENABLE_NS_ASSERTIONS = NO;
				ENABLE_STRICT_OBJC_MSGSEND = YES;
				GCC_C_LANGUAGE_STANDARD = gnu11;
				GCC_NO_COMMON_BLOCKS = YES;
				GCC_WARN_64_TO_32_BIT_CONVERSION = YES;
				GCC_WARN_ABOUT_RETURN_TYPE = YES_ERROR;
				GCC_WARN_UNDECLARED_SELECTOR = YES;
				GCC_WARN_UNINITIALIZED_AUTOS = YES_AGGRESSIVE;
				GCC_WARN_UNUSED_FUNCTION = YES;
				GCC_WARN_UNUSED_VARIABLE = YES;
				IPHONEOS_DEPLOYMENT_TARGET = 15.4;
				MTL_ENABLE_DEBUG_INFO = NO;
				MTL_FAST_MATH = YES;
				SDKROOT = iphoneos;
				SWIFT_COMPILATION_MODE = wholemodule;
				SWIFT_OPTIMIZATION_LEVEL = "-O";
				VALIDATE_PRODUCT = YES;
			};
			name = Release;
		};
		8EF5BE72282C6C0300C4BADA /* Debug */ = {
			isa = XCBuildConfiguration;
			buildSettings = {
				ASSETCATALOG_COMPILER_APPICON_NAME = AppIcon;
				ASSETCATALOG_COMPILER_GLOBAL_ACCENT_COLOR_NAME = AccentColor;
				CODE_SIGN_STYLE = Automatic;
				CURRENT_PROJECT_VERSION = 1;
				DEVELOPMENT_ASSET_PATHS = "\"BookList/Preview Content\"";
				DEVELOPMENT_TEAM = 35B9X4LSKG;
				ENABLE_PREVIEWS = YES;
				GENERATE_INFOPLIST_FILE = YES;
				INFOPLIST_KEY_UIApplicationSceneManifest_Generation = YES;
				INFOPLIST_KEY_UIApplicationSupportsIndirectInputEvents = YES;
				INFOPLIST_KEY_UILaunchScreen_Generation = YES;
				INFOPLIST_KEY_UISupportedInterfaceOrientations_iPad = "UIInterfaceOrientationPortrait UIInterfaceOrientationPortraitUpsideDown UIInterfaceOrientationLandscapeLeft UIInterfaceOrientationLandscapeRight";
				INFOPLIST_KEY_UISupportedInterfaceOrientations_iPhone = "UIInterfaceOrientationPortrait UIInterfaceOrientationLandscapeLeft UIInterfaceOrientationLandscapeRight";
				LD_RUNPATH_SEARCH_PATHS = (
					"$(inherited)",
					"@executable_path/Frameworks",
				);
				MARKETING_VERSION = 1.0;
				PRODUCT_BUNDLE_IDENTIFIER = com.fernandoborges.BookList;
				PRODUCT_NAME = "$(TARGET_NAME)";
				SWIFT_EMIT_LOC_STRINGS = YES;
				SWIFT_VERSION = 5.0;
				TARGETED_DEVICE_FAMILY = "1,2";
			};
			name = Debug;
		};
		8EF5BE73282C6C0300C4BADA /* Release */ = {
			isa = XCBuildConfiguration;
			buildSettings = {
				ASSETCATALOG_COMPILER_APPICON_NAME = AppIcon;
				ASSETCATALOG_COMPILER_GLOBAL_ACCENT_COLOR_NAME = AccentColor;
				CODE_SIGN_STYLE = Automatic;
				CURRENT_PROJECT_VERSION = 1;
				DEVELOPMENT_ASSET_PATHS = "\"BookList/Preview Content\"";
				DEVELOPMENT_TEAM = 35B9X4LSKG;
				ENABLE_PREVIEWS = YES;
				GENERATE_INFOPLIST_FILE = YES;
				INFOPLIST_KEY_UIApplicationSceneManifest_Generation = YES;
				INFOPLIST_KEY_UIApplicationSupportsIndirectInputEvents = YES;
				INFOPLIST_KEY_UILaunchScreen_Generation = YES;
				INFOPLIST_KEY_UISupportedInterfaceOrientations_iPad = "UIInterfaceOrientationPortrait UIInterfaceOrientationPortraitUpsideDown UIInterfaceOrientationLandscapeLeft UIInterfaceOrientationLandscapeRight";
				INFOPLIST_KEY_UISupportedInterfaceOrientations_iPhone = "UIInterfaceOrientationPortrait UIInterfaceOrientationLandscapeLeft UIInterfaceOrientationLandscapeRight";
				LD_RUNPATH_SEARCH_PATHS = (
					"$(inherited)",
					"@executable_path/Frameworks",
				);
				MARKETING_VERSION = 1.0;
				PRODUCT_BUNDLE_IDENTIFIER = com.fernandoborges.BookList;
				PRODUCT_NAME = "$(TARGET_NAME)";
				SWIFT_EMIT_LOC_STRINGS = YES;
				SWIFT_VERSION = 5.0;
				TARGETED_DEVICE_FAMILY = "1,2";
			};
			name = Release;
		};
/* End XCBuildConfiguration section */

/* Begin XCConfigurationList section */
		8EF5BE5E282C6C0100C4BADA /* Build configuration list for PBXProject "BookList" */ = {
			isa = XCConfigurationList;
			buildConfigurations = (
				8EF5BE6F282C6C0300C4BADA /* Debug */,
				8EF5BE70282C6C0300C4BADA /* Release */,
			);
			defaultConfigurationIsVisible = 0;
			defaultConfigurationName = Release;
		};
		8EF5BE71282C6C0300C4BADA /* Build configuration list for PBXNativeTarget "BookList" */ = {
			isa = XCConfigurationList;
			buildConfigurations = (
				8EF5BE72282C6C0300C4BADA /* Debug */,
				8EF5BE73282C6C0300C4BADA /* Release */,
			);
			defaultConfigurationIsVisible = 0;
			defaultConfigurationName = Release;
		};
/* End XCConfigurationList section */
	};
	rootObject = 8EF5BE5B282C6C0100C4BADA /* Project object */;
}
